{
  "name": "Сайт з іграми",
  "lockfileVersion": 3,
  "requires": true,
  "packages": {
    "": {
      "dependencies": {
        "sudoku-js": "^0.1.0"
      }
    },
    "node_modules/sudoku-js": {
      "version": "0.1.0",
      "resolved": "https://registry.npmjs.org/sudoku-js/-/sudoku-js-0.1.0.tgz",
      "integrity": "sha512-4dcEgQyqhvwZN5BEAelLtaMRldzOAm153PG8TNZozoYewgYvFWyJH/trNOqQzgiS+wgGVDBWMrHwusr6LkueFA=="
    }
  }
}
